// !$*UTF8*$!
{
	archiveVersion = 1;
	classes = {
	};
	objectVersion = 46;
	objects = {

/* Begin PBXBuildFile section */
		4639ABB51AE70771000D6835 /* main.c in Sources */ = {isa = PBXBuildFile; fileRef = 4639ABB41AE70771000D6835 /* main.c */; };
		46683AFA1AEEE52C0078115C /* crypto.c in Sources */ = {isa = PBXBuildFile; fileRef = 46683AF81AEEE52C0078115C /* crypto.c */; };
/* End PBXBuildFile section */

/* Begin PBXCopyFilesBuildPhase section */
		4639ABAF1AE70771000D6835 /* CopyFiles */ = {
			isa = PBXCopyFilesBuildPhase;
			buildActionMask = 2147483647;
			dstPath = /usr/share/man/man1/;
			dstSubfolderSpec = 0;
			files = (
			);
			runOnlyForDeploymentPostprocessing = 1;
		};
/* End PBXCopyFilesBuildPhase section */

/* Begin PBXFileReference section */
		4639ABB11AE70771000D6835 /* hextobase64 */ = {isa = PBXFileReference; explicitFileType = "compiled.mach-o.executable"; includeInIndex = 0; path = hextobase64; sourceTree = BUILT_PRODUCTS_DIR; };
		4639ABB41AE70771000D6835 /* main.c */ = {isa = PBXFileReference; lastKnownFileType = sourcecode.c.c; path = main.c; sourceTree = "<group>"; };
		46683AF81AEEE52C0078115C /* crypto.c */ = {isa = PBXFileReference; fileEncoding = 4; lastKnownFileType = sourcecode.c.c; path = crypto.c; sourceTree = "<group>"; };
		46683AF91AEEE52C0078115C /* crypto.h */ = {isa = PBXFileReference; fileEncoding = 4; lastKnownFileType = sourcecode.c.h; path = crypto.h; sourceTree = "<group>"; };
/* End PBXFileReference section */

/* Begin PBXFrameworksBuildPhase section */
		4639ABAE1AE70771000D6835 /* Frameworks */ = {
			isa = PBXFrameworksBuildPhase;
			buildActionMask = 2147483647;
			files = (
			);
			runOnlyForDeploymentPostprocessing = 0;
		};
/* End PBXFrameworksBuildPhase section */

/* Begin PBXGroup section */
		4639ABA81AE70771000D6835 = {
			isa = PBXGroup;
			children = (
				46683AF71AEEE52C0078115C /* RLFCrypto */,
				4639ABB31AE70771000D6835 /* hextobase64 */,
				4639ABB21AE70771000D6835 /* Products */,
			);
			sourceTree = "<group>";
		};
		4639ABB21AE70771000D6835 /* Products */ = {
			isa = PBXGroup;
			children = (
				4639ABB11AE70771000D6835 /* hextobase64 */,
			);
			name = Products;
			sourceTree = "<group>";
		};
		4639ABB31AE70771000D6835 /* hextobase64 */ = {
			isa = PBXGroup;
			children = (
				4639ABB41AE70771000D6835 /* main.c */,
			);
			path = hextobase64;
			sourceTree = "<group>";
		};
		46683AF71AEEE52C0078115C /* RLFCrypto */ = {
			isa = PBXGroup;
			children = (
				46683AF81AEEE52C0078115C /* crypto.c */,
				46683AF91AEEE52C0078115C /* crypto.h */,
			);
			name = RLFCrypto;
			path = ../RLFCrypto;
			sourceTree = "<group>";
		};
/* End PBXGroup section */

/* Begin PBXNativeTarget section */
		4639ABB01AE70771000D6835 /* hextobase64 */ = {
			isa = PBXNativeTarget;
			buildConfigurationList = 4639ABB81AE70771000D6835 /* Build configuration list for PBXNativeTarget "hextobase64" */;
			buildPhases = (
				4639ABAD1AE70771000D6835 /* Sources */,
				4639ABAE1AE70771000D6835 /* Frameworks */,
				4639ABAF1AE70771000D6835 /* CopyFiles */,
			);
			buildRules = (
			);
			dependencies = (
			);
			name = hextobase64;
			productName = hextobase64;
			productReference = 4639ABB11AE70771000D6835 /* hextobase64 */;
			productType = "com.apple.product-type.tool";
		};
/* End PBXNativeTarget section */

/* Begin PBXProject section */
		4639ABA91AE70771000D6835 /* Project object */ = {
			isa = PBXProject;
			attributes = {
				LastUpgradeCheck = 0620;
				ORGANIZATIONNAME = "Sergey Dunets";
				TargetAttributes = {
					4639ABB01AE70771000D6835 = {
						CreatedOnToolsVersion = 6.2;
					};
				};
			};
			buildConfigurationList = 4639ABAC1AE70771000D6835 /* Build configuration list for PBXProject "hextobase64" */;
			compatibilityVersion = "Xcode 3.2";
			developmentRegion = English;
			hasScannedForEncodings = 0;
			knownRegions = (
				en,
			);
			mainGroup = 4639ABA81AE70771000D6835;
			productRefGroup = 4639ABB21AE70771000D6835 /* Products */;
			projectDirPath = "";
			projectRoot = "";
			targets = (
				4639ABB01AE70771000D6835 /* hextobase64 */,
			);
		};
/* End PBXProject section */

/* Begin PBXSourcesBuildPhase section */
		4639ABAD1AE70771000D6835 /* Sources */ = {
			isa = PBXSourcesBuildPhase;
			buildActionMask = 2147483647;
			files = (
				46683AFA1AEEE52C0078115C /* crypto.c in Sources */,
				4639ABB51AE70771000D6835 /* main.c in Sources */,
			);
			runOnlyForDeploymentPostprocessing = 0;
		};
/* End PBXSourcesBuildPhase section */

/* Begin XCBuildConfiguration section */
		4639ABB61AE70771000D6835 /* Debug */ = {
			isa = XCBuildConfiguration;
			buildSettings = {
				ALWAYS_SEARCH_USER_PATHS = NO;
				CLANG_CXX_LANGUAGE_STANDARD = "gnu++0x";
				CLANG_CXX_LIBRARY = "libc++";
				CLANG_ENABLE_MODULES = YES;
				CLANG_ENABLE_OBJC_ARC = YES;
				CLANG_WARN_BOOL_CONVERSION = YES;
				CLANG_WARN_CONSTANT_CONVERSION = YES;
				CLANG_WARN_DIRECT_OBJC_ISA_USAGE = YES_ERROR;
				CLANG_WARN_EMPTY_BODY = YES;
				CLANG_WARN_ENUM_CONVERSION = YES;
				CLANG_WARN_INT_CONVERSION = YES;
				CLANG_WARN_OBJC_ROOT_CLASS = YES_ERROR;
				CLANG_WARN_UNREACHABLE_CODE = YES;
				CLANG_WARN__DUPLICATE_METHOD_MATCH = YES;
				COPY_PHASE_STRIP = NO;
				ENABLE_STRICT_OBJC_MSGSEND = YES;
				GCC_C_LANGUAGE_STANDARD = gnu99;
				GCC_DYNAMIC_NO_PIC = NO;
				GCC_OPTIMIZATION_LEVEL = 0;
				GCC_PREPROCESSOR_DEFINITIONS = (
					"DEBUG=1",
					"$(inherited)",
				);
				GCC_SYMBOLS_PRIVATE_EXTERN = NO;
				GCC_WARN_64_TO_32_BIT_CONVERSION = YES;
				GCC_WARN_ABOUT_RETURN_TYPE = YES_ERROR;
				GCC_WARN_UNDECLARED_SELECTOR = YES;
				GCC_WARN_UNINITIALIZED_AUTOS = YES_AGGRESSIVE;
				GCC_WARN_UNUSED_FUNCTION = YES;
				GCC_WARN_UNUSED_VARIABLE = YES;
				MACOSX_DEPLOYMENT_TARGET = 10.9;
				MTL_ENABLE_DEBUG_INFO = YES;
				ONLY_ACTIVE_ARCH = YES;
				SDKROOT = macosx;
			};
			name = Debug;
		};
		4639ABB71AE70771000D6835 /* Release */ = {
			isa = XCBuildConfiguration;
			buildSettings = {
				ALWAYS_SEARCH_USER_PATHS = NO;
				CLANG_CXX_LANGUAGE_STANDARD = "gnu++0x";
				CLANG_CXX_LIBRARY = "libc++";
				CLANG_ENABLE_MODULES = YES;
				CLANG_ENABLE_OBJC_ARC = YES;
				CLANG_WARN_BOOL_CONVERSION = YES;
				CLANG_WARN_CONSTANT_CONVERSION = YES;
				CLANG_WARN_DIRECT_OBJC_ISA_USAGE = YES_ERROR;
				CLANG_WARN_EMPTY_BODY = YES;
				CLANG_WARN_ENUM_CONVERSION = YES;
				CLANG_WARN_INT_CONVERSION = YES;
				CLANG_WARN_OBJC_ROOT_CLASS = YES_ERROR;
				CLANG_WARN_UNREACHABLE_CODE = YES;
				CLANG_WARN__DUPLICATE_METHOD_MATCH = YES;
				COPY_PHASE_STRIP = NO;
				DEBUG_INFORMATION_FORMAT = "dwarf-with-dsym";
				ENABLE_NS_ASSERTIONS = NO;
				ENABLE_STRICT_OBJC_MSGSEND = YES;
				GCC_C_LANGUAGE_STANDARD = gnu99;
				GCC_WARN_64_TO_32_BIT_CONVERSION = YES;
				GCC_WARN_ABOUT_RETURN_TYPE = YES_ERROR;
				GCC_WARN_UNDECLARED_SELECTOR = YES;
				GCC_WARN_UNINITIALIZED_AUTOS = YES_AGGRESSIVE;
				GCC_WARN_UNUSED_FUNCTION = YES;
				GCC_WARN_UNUSED_VARIABLE = YES;
				MACOSX_DEPLOYMENT_TARGET = 10.9;
				MTL_ENABLE_DEBUG_INFO = NO;
				SDKROOT = macosx;
			};
			name = Release;
		};
		4639ABB91AE70771000D6835 /* Debug */ = {
			isa = XCBuildConfiguration;
			buildSettings = {
				PRODUCT_NAME = "$(TARGET_NAME)";
			};
			name = Debug;
		};
		4639ABBA1AE70771000D6835 /* Release */ = {
			isa = XCBuildConfiguration;
			buildSettings = {
				PRODUCT_NAME = "$(TARGET_NAME)";
			};
			name = Release;
		};
/* End XCBuildConfiguration section */

/* Begin XCConfigurationList section */
		4639ABAC1AE70771000D6835 /* Build configuration list for PBXProject "hextobase64" */ = {
			isa = XCConfigurationList;
			buildConfigurations = (
				4639ABB61AE70771000D6835 /* Debug */,
				4639ABB71AE70771000D6835 /* Release */,
			);
			defaultConfigurationIsVisible = 0;
			defaultConfigurationName = Release;
		};
		4639ABB81AE70771000D6835 /* Build configuration list for PBXNativeTarget "hextobase64" */ = {
			isa = XCConfigurationList;
			buildConfigurations = (
				4639ABB91AE70771000D6835 /* Debug */,
				4639ABBA1AE70771000D6835 /* Release */,
			);
			defaultConfigurationIsVisible = 0;
			defaultConfigurationName = Release;
		};
/* End XCConfigurationList section */
	};
	rootObject = 4639ABA91AE70771000D6835 /* Project object */;
}
