// !$*UTF8*$!
{
	archiveVersion = 1;
	classes = {
	};
	objectVersion = 46;
	objects = {

/* Begin PBXBuildFile section */
		46683B081AEEF0010078115C /* main.c in Sources */ = {isa = PBXBuildFile; fileRef = 46683B071AEEF0010078115C /* main.c */; };
		46683B111AEEF0520078115C /* crypto.c in Sources */ = {isa = PBXBuildFile; fileRef = 46683B0F1AEEF0520078115C /* crypto.c */; };
/* End PBXBuildFile section */

/* Begin PBXCopyFilesBuildPhase section */
		46683B021AEEF0010078115C /* CopyFiles */ = {
			isa = PBXCopyFilesBuildPhase;
			buildActionMask = 2147483647;
			dstPath = /usr/share/man/man1/;
			dstSubfolderSpec = 0;
			files = (
			);
			runOnlyForDeploymentPostprocessing = 1;
		};
/* End PBXCopyFilesBuildPhase section */

/* Begin PBXFileReference section */
		46683B041AEEF0010078115C /* fixedxor */ = {isa = PBXFileReference; explicitFileType = "compiled.mach-o.executable"; includeInIndex = 0; path = fixedxor; sourceTree = BUILT_PRODUCTS_DIR; };
		46683B071AEEF0010078115C /* main.c */ = {isa = PBXFileReference; lastKnownFileType = sourcecode.c.c; path = main.c; sourceTree = "<group>"; };
		46683B0F1AEEF0520078115C /* crypto.c */ = {isa = PBXFileReference; fileEncoding = 4; lastKnownFileType = sourcecode.c.c; path = crypto.c; sourceTree = "<group>"; };
		46683B101AEEF0520078115C /* crypto.h */ = {isa = PBXFileReference; fileEncoding = 4; lastKnownFileType = sourcecode.c.h; path = crypto.h; sourceTree = "<group>"; };
/* End PBXFileReference section */

/* Begin PBXFrameworksBuildPhase section */
		46683B011AEEF0010078115C /* Frameworks */ = {
			isa = PBXFrameworksBuildPhase;
			buildActionMask = 2147483647;
			files = (
			);
			runOnlyForDeploymentPostprocessing = 0;
		};
/* End PBXFrameworksBuildPhase section */

/* Begin PBXGroup section */
		46683AFB1AEEF0010078115C = {
			isa = PBXGroup;
			children = (
				46683B0E1AEEF0520078115C /* RLFCrypto */,
				46683B061AEEF0010078115C /* fixedxor */,
				46683B051AEEF0010078115C /* Products */,
			);
			sourceTree = "<group>";
		};
		46683B051AEEF0010078115C /* Products */ = {
			isa = PBXGroup;
			children = (
				46683B041AEEF0010078115C /* fixedxor */,
			);
			name = Products;
			sourceTree = "<group>";
		};
		46683B061AEEF0010078115C /* fixedxor */ = {
			isa = PBXGroup;
			children = (
				46683B071AEEF0010078115C /* main.c */,
			);
			path = fixedxor;
			sourceTree = "<group>";
		};
		46683B0E1AEEF0520078115C /* RLFCrypto */ = {
			isa = PBXGroup;
			children = (
				46683B101AEEF0520078115C /* crypto.h */,
				46683B0F1AEEF0520078115C /* crypto.c */,
			);
			name = RLFCrypto;
			path = ../RLFCrypto;
			sourceTree = "<group>";
		};
/* End PBXGroup section */

/* Begin PBXNativeTarget section */
		46683B031AEEF0010078115C /* fixedxor */ = {
			isa = PBXNativeTarget;
			buildConfigurationList = 46683B0B1AEEF0010078115C /* Build configuration list for PBXNativeTarget "fixedxor" */;
			buildPhases = (
				46683B001AEEF0010078115C /* Sources */,
				46683B011AEEF0010078115C /* Frameworks */,
				46683B021AEEF0010078115C /* CopyFiles */,
			);
			buildRules = (
			);
			dependencies = (
			);
			name = fixedxor;
			productName = fixedxor;
			productReference = 46683B041AEEF0010078115C /* fixedxor */;
			productType = "com.apple.product-type.tool";
		};
/* End PBXNativeTarget section */

/* Begin PBXProject section */
		46683AFC1AEEF0010078115C /* Project object */ = {
			isa = PBXProject;
			attributes = {
				LastUpgradeCheck = 0620;
				ORGANIZATIONNAME = "Sergey Dunets";
				TargetAttributes = {
					46683B031AEEF0010078115C = {
						CreatedOnToolsVersion = 6.2;
					};
				};
			};
			buildConfigurationList = 46683AFF1AEEF0010078115C /* Build configuration list for PBXProject "fixedxor" */;
			compatibilityVersion = "Xcode 3.2";
			developmentRegion = English;
			hasScannedForEncodings = 0;
			knownRegions = (
				en,
			);
			mainGroup = 46683AFB1AEEF0010078115C;
			productRefGroup = 46683B051AEEF0010078115C /* Products */;
			projectDirPath = "";
			projectRoot = "";
			targets = (
				46683B031AEEF0010078115C /* fixedxor */,
			);
		};
/* End PBXProject section */

/* Begin PBXSourcesBuildPhase section */
		46683B001AEEF0010078115C /* Sources */ = {
			isa = PBXSourcesBuildPhase;
			buildActionMask = 2147483647;
			files = (
				46683B111AEEF0520078115C /* crypto.c in Sources */,
				46683B081AEEF0010078115C /* main.c in Sources */,
			);
			runOnlyForDeploymentPostprocessing = 0;
		};
/* End PBXSourcesBuildPhase section */

/* Begin XCBuildConfiguration section */
		46683B091AEEF0010078115C /* Debug */ = {
			isa = XCBuildConfiguration;
			buildSettings = {
				ALWAYS_SEARCH_USER_PATHS = NO;
				CLANG_CXX_LANGUAGE_STANDARD = "gnu++0x";
				CLANG_CXX_LIBRARY = "libc++";
				CLANG_ENABLE_MODULES = YES;
				CLANG_ENABLE_OBJC_ARC = YES;
				CLANG_WARN_BOOL_CONVERSION = YES;
				CLANG_WARN_CONSTANT_CONVERSION = YES;
				CLANG_WARN_DIRECT_OBJC_ISA_USAGE = YES_ERROR;
				CLANG_WARN_EMPTY_BODY = YES;
				CLANG_WARN_ENUM_CONVERSION = YES;
				CLANG_WARN_INT_CONVERSION = YES;
				CLANG_WARN_OBJC_ROOT_CLASS = YES_ERROR;
				CLANG_WARN_UNREACHABLE_CODE = YES;
				CLANG_WARN__DUPLICATE_METHOD_MATCH = YES;
				COPY_PHASE_STRIP = NO;
				ENABLE_STRICT_OBJC_MSGSEND = YES;
				GCC_C_LANGUAGE_STANDARD = gnu99;
				GCC_DYNAMIC_NO_PIC = NO;
				GCC_OPTIMIZATION_LEVEL = 0;
				GCC_PREPROCESSOR_DEFINITIONS = (
					"DEBUG=1",
					"$(inherited)",
				);
				GCC_SYMBOLS_PRIVATE_EXTERN = NO;
				GCC_WARN_64_TO_32_BIT_CONVERSION = YES;
				GCC_WARN_ABOUT_RETURN_TYPE = YES_ERROR;
				GCC_WARN_UNDECLARED_SELECTOR = YES;
				GCC_WARN_UNINITIALIZED_AUTOS = YES_AGGRESSIVE;
				GCC_WARN_UNUSED_FUNCTION = YES;
				GCC_WARN_UNUSED_VARIABLE = YES;
				MACOSX_DEPLOYMENT_TARGET = 10.9;
				MTL_ENABLE_DEBUG_INFO = YES;
				ONLY_ACTIVE_ARCH = YES;
				SDKROOT = macosx;
			};
			name = Debug;
		};
		46683B0A1AEEF0010078115C /* Release */ = {
			isa = XCBuildConfiguration;
			buildSettings = {
				ALWAYS_SEARCH_USER_PATHS = NO;
				CLANG_CXX_LANGUAGE_STANDARD = "gnu++0x";
				CLANG_CXX_LIBRARY = "libc++";
				CLANG_ENABLE_MODULES = YES;
				CLANG_ENABLE_OBJC_ARC = YES;
				CLANG_WARN_BOOL_CONVERSION = YES;
				CLANG_WARN_CONSTANT_CONVERSION = YES;
				CLANG_WARN_DIRECT_OBJC_ISA_USAGE = YES_ERROR;
				CLANG_WARN_EMPTY_BODY = YES;
				CLANG_WARN_ENUM_CONVERSION = YES;
				CLANG_WARN_INT_CONVERSION = YES;
				CLANG_WARN_OBJC_ROOT_CLASS = YES_ERROR;
				CLANG_WARN_UNREACHABLE_CODE = YES;
				CLANG_WARN__DUPLICATE_METHOD_MATCH = YES;
				COPY_PHASE_STRIP = NO;
				DEBUG_INFORMATION_FORMAT = "dwarf-with-dsym";
				ENABLE_NS_ASSERTIONS = NO;
				ENABLE_STRICT_OBJC_MSGSEND = YES;
				GCC_C_LANGUAGE_STANDARD = gnu99;
				GCC_WARN_64_TO_32_BIT_CONVERSION = YES;
				GCC_WARN_ABOUT_RETURN_TYPE = YES_ERROR;
				GCC_WARN_UNDECLARED_SELECTOR = YES;
				GCC_WARN_UNINITIALIZED_AUTOS = YES_AGGRESSIVE;
				GCC_WARN_UNUSED_FUNCTION = YES;
				GCC_WARN_UNUSED_VARIABLE = YES;
				MACOSX_DEPLOYMENT_TARGET = 10.9;
				MTL_ENABLE_DEBUG_INFO = NO;
				SDKROOT = macosx;
			};
			name = Release;
		};
		46683B0C1AEEF0010078115C /* Debug */ = {
			isa = XCBuildConfiguration;
			buildSettings = {
				PRODUCT_NAME = "$(TARGET_NAME)";
			};
			name = Debug;
		};
		46683B0D1AEEF0010078115C /* Release */ = {
			isa = XCBuildConfiguration;
			buildSettings = {
				PRODUCT_NAME = "$(TARGET_NAME)";
			};
			name = Release;
		};
/* End XCBuildConfiguration section */

/* Begin XCConfigurationList section */
		46683AFF1AEEF0010078115C /* Build configuration list for PBXProject "fixedxor" */ = {
			isa = XCConfigurationList;
			buildConfigurations = (
				46683B091AEEF0010078115C /* Debug */,
				46683B0A1AEEF0010078115C /* Release */,
			);
			defaultConfigurationIsVisible = 0;
			defaultConfigurationName = Release;
		};
		46683B0B1AEEF0010078115C /* Build configuration list for PBXNativeTarget "fixedxor" */ = {
			isa = XCConfigurationList;
			buildConfigurations = (
				46683B0C1AEEF0010078115C /* Debug */,
				46683B0D1AEEF0010078115C /* Release */,
			);
			defaultConfigurationIsVisible = 0;
		};
/* End XCConfigurationList section */
	};
	rootObject = 46683AFC1AEEF0010078115C /* Project object */;
}
